{
  "name": "esbuild-test-app",
  "version": "1.0.0",
  "lockfileVersion": 1,
  "requires": true,
  "dependencies": {
    "esbuild": {
      "version": "0.14.11",
      "resolved": "https://artifactory.rsglab.com:443/artifactory/api/npm/npm/esbuild/-/esbuild-0.14.11.tgz",
      "integrity": "sha1-rErLeJB4dIMq+3BMOv5YrTdxXCc=",
      "requires": {
        "esbuild-android-arm64": "0.14.11",
        "esbuild-darwin-64": "0.14.11",
        "esbuild-darwin-arm64": "0.14.11",
        "esbuild-freebsd-64": "0.14.11",
        "esbuild-freebsd-arm64": "0.14.11",
        "esbuild-linux-32": "0.14.11",
        "esbuild-linux-64": "0.14.11",
        "esbuild-linux-arm": "0.14.11",
        "esbuild-linux-arm64": "0.14.11",
        "esbuild-linux-mips64le": "0.14.11",
        "esbuild-linux-ppc64le": "0.14.11",
        "esbuild-linux-s390x": "0.14.11",
        "esbuild-netbsd-64": "0.14.11",
        "esbuild-openbsd-64": "0.14.11",
        "esbuild-sunos-64": "0.14.11",
        "esbuild-windows-32": "0.14.11",
        "esbuild-windows-64": "0.14.11",
        "esbuild-windows-arm64": "0.14.11"
      }
    },
    "esbuild-android-arm64": {
      "version": "0.14.11",
      "resolved": "https://artifactory.rsglab.com:443/artifactory/api/npm/npm/esbuild-android-arm64/-/esbuild-android-arm64-0.14.11.tgz",
      "integrity": "sha1-uLNONaW0OIBmSsej+8cCQ9ftiU8=",
      "optional": true
    },
    "esbuild-darwin-64": {
      "version": "0.14.11",
      "resolved": "https://artifactory.rsglab.com:443/artifactory/api/npm/npm/esbuild-darwin-64/-/esbuild-darwin-64-0.14.11.tgz",
      "integrity": "sha1-uoBd6YwEEuUPzQY2RReX2hV7BiU=",
      "optional": true
    },
    "esbuild-darwin-arm64": {
      "version": "0.14.11",
      "resolved": "https://artifactory.rsglab.com:443/artifactory/api/npm/npm/esbuild-darwin-arm64/-/esbuild-darwin-arm64-0.14.11.tgz",
      "integrity": "sha1-TTVz5Eivds4z4WIx89n4eFQtb+g=",
      "optional": true
    },
    "esbuild-freebsd-64": {
      "version": "0.14.11",
      "resolved": "https://artifactory.rsglab.com:443/artifactory/api/npm/npm/esbuild-freebsd-64/-/esbuild-freebsd-64-0.14.11.tgz",
      "integrity": "sha1-kpTmqzWeyTWQqwl7DyAX3nx4q00=",
      "optional": true
    },
    "esbuild-freebsd-arm64": {
      "version": "0.14.11",
      "resolved": "https://artifactory.rsglab.com:443/artifactory/api/npm/npm/esbuild-freebsd-arm64/-/esbuild-freebsd-arm64-0.14.11.tgz",
      "integrity": "sha1-rj4LCRczULZs+DIVg8mhwfy4u1U=",
      "optional": true
    },
    "esbuild-linux-32": {
      "version": "0.14.11",
      "resolved": "https://artifactory.rsglab.com:443/artifactory/api/npm/npm/esbuild-linux-32/-/esbuild-linux-32-0.14.11.tgz",
      "integrity": "sha1-3a28cDiqWmsWdbsVA895oMvxIpo=",
      "optional": true
    },
    "esbuild-linux-64": {
      "version": "0.14.11",
      "resolved": "https://artifactory.rsglab.com:443/artifactory/api/npm/npm/esbuild-linux-64/-/esbuild-linux-64-0.14.11.tgz",
      "integrity": "sha1-1pjjzjojHd/uxrXfjFRq6Ig/zYg=",
      "optional": true
    },
    "esbuild-linux-arm": {
      "version": "0.14.11",
      "resolved": "https://artifactory.rsglab.com:443/artifactory/api/npm/npm/esbuild-linux-arm/-/esbuild-linux-arm-0.14.11.tgz",
      "integrity": "sha1-dMvPC4oiyEAby81uvUy/K6yot7Q=",
      "optional": true
    },
    "esbuild-linux-arm64": {
      "version": "0.14.11",
      "resolved": "https://artifactory.rsglab.com:443/artifactory/api/npm/npm/esbuild-linux-arm64/-/esbuild-linux-arm64-0.14.11.tgz",
      "integrity": "sha1-hfrqn6ma01W147KDGXpN/QoRD+c=",
      "optional": true
    },
    "esbuild-linux-mips64le": {
      "version": "0.14.11",
      "resolved": "https://artifactory.rsglab.com:443/artifactory/api/npm/npm/esbuild-linux-mips64le/-/esbuild-linux-mips64le-0.14.11.tgz",
      "integrity": "sha1-SQQpIRoyM/XLvYV1t3WLiX5Cl5o=",
      "optional": true
    },
    "esbuild-linux-ppc64le": {
      "version": "0.14.11",
      "resolved": "https://artifactory.rsglab.com:443/artifactory/api/npm/npm/esbuild-linux-ppc64le/-/esbuild-linux-ppc64le-0.14.11.tgz",
      "integrity": "sha1-/HnWBxAhO1uYNF9bE41IJFYWgno=",
      "optional": true
    },
    "esbuild-linux-s390x": {
      "version": "0.14.11",
      "resolved": "https://artifactory.rsglab.com:443/artifactory/api/npm/npm/esbuild-linux-s390x/-/esbuild-linux-s390x-0.14.11.tgz",
      "integrity": "sha1-ykuTVWu7psyVsGRPLuk8mCFlugc=",
      "optional": true
    },
    "esbuild-netbsd-64": {
      "version": "0.14.11",
      "resolved": "https://artifactory.rsglab.com:443/artifactory/api/npm/npm/esbuild-netbsd-64/-/esbuild-netbsd-64-0.14.11.tgz",
      "integrity": "sha1-7bNAvGZTyIgEysIlPiG3Qlj84WU=",
      "optional": true
    },
    "esbuild-openbsd-64": {
      "version": "0.14.11",
      "resolved": "https://artifactory.rsglab.com:443/artifactory/api/npm/npm/esbuild-openbsd-64/-/esbuild-openbsd-64-0.14.11.tgz",
      "integrity": "sha1-yu/1+Ub3mmDOe8+Ihxykxx00dug=",
      "optional": true
    },
    "esbuild-sunos-64": {
      "version": "0.14.11",
      "resolved": "https://artifactory.rsglab.com:443/artifactory/api/npm/npm/esbuild-sunos-64/-/esbuild-sunos-64-0.14.11.tgz",
      "integrity": "sha1-kM5+F0nClYpTUJtLrnuPfZjydtY=",
      "optional": true
    },
    "esbuild-windows-32": {
      "version": "0.14.11",
      "resolved": "https://artifactory.rsglab.com:443/artifactory/api/npm/npm/esbuild-windows-32/-/esbuild-windows-32-0.14.11.tgz",
      "integrity": "sha1-0Gf0zhWynvumM25qI1lxIPr+Sew=",
      "optional": true
    },
    "esbuild-windows-64": {
      "version": "0.14.11",
      "resolved": "https://artifactory.rsglab.com:443/artifactory/api/npm/npm/esbuild-windows-64/-/esbuild-windows-64-0.14.11.tgz",
      "integrity": "sha1-E+ht03ps1hpSdvotJxNC0PdNqGQ=",
      "optional": true
    },
    "esbuild-windows-arm64": {
      "version": "0.14.11",
      "resolved": "https://artifactory.rsglab.com:443/artifactory/api/npm/npm/esbuild-windows-arm64/-/esbuild-windows-arm64-0.14.11.tgz",
      "integrity": "sha1-6O398dcSCF5tw/uhigwiWqrjK3U=",
      "optional": true
    },
    "js-tokens": {
      "version": "4.0.0",
      "resolved": "https://artifactory.rsglab.com:443/artifactory/api/npm/npm/js-tokens/-/js-tokens-4.0.0.tgz",
      "integrity": "sha1-GSA/tZmR35jjoocFDUZHzerzJJk="
    },
    "loose-envify": {
      "version": "1.4.0",
      "resolved": "https://artifactory.rsglab.com:443/artifactory/api/npm/npm/loose-envify/-/loose-envify-1.4.0.tgz",
      "integrity": "sha1-ce5R+nvkyuwaY4OffmgtgTLTDK8=",
      "requires": {
        "js-tokens": "^3.0.0 || ^4.0.0"
      }
    },
    "object-assign": {
      "version": "4.1.1",
      "resolved": "https://artifactory.rsglab.com:443/artifactory/api/npm/npm/object-assign/-/object-assign-4.1.1.tgz",
      "integrity": "sha1-IQmtx5ZYh8/AXLvUQsrIv7s2CGM="
    },
    "react": {
      "version": "17.0.2",
      "resolved": "https://artifactory.rsglab.com:443/artifactory/api/npm/npm/react/-/react-17.0.2.tgz",
      "integrity": "sha1-0LXMUW0p6z7uOD91tihkz7aAADc=",
      "requires": {
        "loose-envify": "^1.1.0",
        "object-assign": "^4.1.1"
      }
    },
    "react-dom": {
      "version": "17.0.2",
      "resolved": "https://artifactory.rsglab.com:443/artifactory/api/npm/npm/react-dom/-/react-dom-17.0.2.tgz",
      "integrity": "sha1-7P+2hF462Nv83EmPDQqTlzZQLCM=",
      "requires": {
        "loose-envify": "^1.1.0",
        "object-assign": "^4.1.1",
        "scheduler": "^0.20.2"
      }
    },
    "scheduler": {
      "version": "0.20.2",
      "resolved": "https://artifactory.rsglab.com:443/artifactory/api/npm/npm/scheduler/-/scheduler-0.20.2.tgz",
      "integrity": "sha1-S67jlDbjSqk7SHS93L8P6Li1DpE=",
      "requires": {
        "loose-envify": "^1.1.0",
        "object-assign": "^4.1.1"
      }
    }
  }
}
