{
  "name": "esbuild-test-app",
  "version": "1.0.0",
  "lockfileVersion": 1,
  "requires": true,
  "dependencies": {
    "@babel/runtime": {
      "version": "7.16.7",
      "resolved": "https://artifactory.rsglab.com:443/artifactory/api/npm/npm/@babel/runtime/-/runtime-7.16.7.tgz",
      "integrity": "sha1-A/+Z9kEGWIycQDxuy4w7r7vf8fo=",
      "requires": {
        "regenerator-runtime": "^0.13.4"
      }
    },
    "@koa/cors": {
      "version": "3.1.0",
      "resolved": "https://artifactory.rsglab.com:443/artifactory/api/npm/npm/@koa/cors/-/cors-3.1.0.tgz",
      "integrity": "sha1-YYuwc0OM/b0+vQ5kinbjO4Tzo7I=",
      "dev": true,
      "requires": {
        "vary": "^1.1.2"
      }
    },
    "accepts": {
      "version": "1.3.7",
      "resolved": "https://artifactory.rsglab.com:443/artifactory/api/npm/npm/accepts/-/accepts-1.3.7.tgz",
      "integrity": "sha1-UxvHJlF6OytB+FACHGzBXqq1B80=",
      "dev": true,
      "requires": {
        "mime-types": "~2.1.24",
        "negotiator": "0.6.2"
      }
    },
    "cache-content-type": {
      "version": "1.0.1",
      "resolved": "https://artifactory.rsglab.com:443/artifactory/api/npm/npm/cache-content-type/-/cache-content-type-1.0.1.tgz",
      "integrity": "sha1-A1zeKwjuISn0qDFeqPAKANuhRTw=",
      "dev": true,
      "requires": {
        "mime-types": "^2.1.18",
        "ylru": "^1.2.0"
      }
    },
    "co": {
      "version": "4.6.0",
      "resolved": "https://artifactory.rsglab.com:443/artifactory/api/npm/npm/co/-/co-4.6.0.tgz",
      "integrity": "sha1-bqa989hTrlTMuOR7+gvz+QMfsYQ=",
      "dev": true
    },
    "content-disposition": {
      "version": "0.5.4",
      "resolved": "https://artifactory.rsglab.com:443/artifactory/api/npm/npm/content-disposition/-/content-disposition-0.5.4.tgz",
      "integrity": "sha1-i4K076yCUSoCuwsdzsnSxejrW/4=",
      "dev": true,
      "requires": {
        "safe-buffer": "5.2.1"
      }
    },
    "content-type": {
      "version": "1.0.4",
      "resolved": "https://artifactory.rsglab.com:443/artifactory/api/npm/npm/content-type/-/content-type-1.0.4.tgz",
      "integrity": "sha1-4TjMdeBAxyexlm/l5fjJruJW/js=",
      "dev": true
    },
    "cookies": {
      "version": "0.8.0",
      "resolved": "https://artifactory.rsglab.com:443/artifactory/api/npm/npm/cookies/-/cookies-0.8.0.tgz",
      "integrity": "sha1-EpPOSzkXQKhAbjyYcOgoxLVPP5A=",
      "dev": true,
      "requires": {
        "depd": "~2.0.0",
        "keygrip": "~1.1.0"
      }
    },
    "debug": {
      "version": "4.3.3",
      "resolved": "https://artifactory.rsglab.com:443/artifactory/api/npm/npm/debug/-/debug-4.3.3.tgz",
      "integrity": "sha1-BCZuC3CpjURi5uKI44JZITMytmQ=",
      "dev": true,
      "requires": {
        "ms": "2.1.2"
      }
    },
    "deep-equal": {
      "version": "1.0.1",
      "resolved": "https://artifactory.rsglab.com:443/artifactory/api/npm/npm/deep-equal/-/deep-equal-1.0.1.tgz",
      "integrity": "sha1-9dJgKStmDghO/0zbyfCK0yR0SLU=",
      "dev": true
    },
    "delegates": {
      "version": "1.0.0",
      "resolved": "https://artifactory.rsglab.com:443/artifactory/api/npm/npm/delegates/-/delegates-1.0.0.tgz",
      "integrity": "sha1-hMbhWbgZBP3KWaDvRM2HDTElD5o=",
      "dev": true
    },
    "depd": {
      "version": "2.0.0",
      "resolved": "https://artifactory.rsglab.com:443/artifactory/api/npm/npm/depd/-/depd-2.0.0.tgz",
      "integrity": "sha1-tpYWPMdXVg0JzyLMj60Vcbeedt8=",
      "dev": true
    },
    "destroy": {
      "version": "1.1.0",
      "resolved": "https://artifactory.rsglab.com:443/artifactory/api/npm/npm/destroy/-/destroy-1.1.0.tgz",
      "integrity": "sha1-t3riLkcthUNxQTGdMq5As0Tf84o=",
      "dev": true
    },
    "ee-first": {
      "version": "1.1.1",
      "resolved": "https://artifactory.rsglab.com:443/artifactory/api/npm/npm/ee-first/-/ee-first-1.1.1.tgz",
      "integrity": "sha1-WQxhFWsK4vTwJVcyoViyZrxWsh0=",
      "dev": true
    },
    "encodeurl": {
      "version": "1.0.2",
      "resolved": "https://artifactory.rsglab.com:443/artifactory/api/npm/npm/encodeurl/-/encodeurl-1.0.2.tgz",
      "integrity": "sha1-rT/0yG7C0CkyL1oCw6mmBslbP1k=",
      "dev": true
    },
    "esbuild": {
      "version": "0.14.11",
      "resolved": "https://artifactory.rsglab.com:443/artifactory/api/npm/npm/esbuild/-/esbuild-0.14.11.tgz",
      "integrity": "sha1-rErLeJB4dIMq+3BMOv5YrTdxXCc=",
      "requires": {
        "esbuild-android-arm64": "0.14.11",
        "esbuild-darwin-64": "0.14.11",
        "esbuild-darwin-arm64": "0.14.11",
        "esbuild-freebsd-64": "0.14.11",
        "esbuild-freebsd-arm64": "0.14.11",
        "esbuild-linux-32": "0.14.11",
        "esbuild-linux-64": "0.14.11",
        "esbuild-linux-arm": "0.14.11",
        "esbuild-linux-arm64": "0.14.11",
        "esbuild-linux-mips64le": "0.14.11",
        "esbuild-linux-ppc64le": "0.14.11",
        "esbuild-linux-s390x": "0.14.11",
        "esbuild-netbsd-64": "0.14.11",
        "esbuild-openbsd-64": "0.14.11",
        "esbuild-sunos-64": "0.14.11",
        "esbuild-windows-32": "0.14.11",
        "esbuild-windows-64": "0.14.11",
        "esbuild-windows-arm64": "0.14.11"
      }
    },
    "esbuild-android-arm64": {
      "version": "0.14.11",
      "resolved": "https://artifactory.rsglab.com:443/artifactory/api/npm/npm/esbuild-android-arm64/-/esbuild-android-arm64-0.14.11.tgz",
      "integrity": "sha1-uLNONaW0OIBmSsej+8cCQ9ftiU8=",
      "optional": true
    },
    "esbuild-darwin-64": {
      "version": "0.14.11",
      "resolved": "https://artifactory.rsglab.com:443/artifactory/api/npm/npm/esbuild-darwin-64/-/esbuild-darwin-64-0.14.11.tgz",
      "integrity": "sha1-uoBd6YwEEuUPzQY2RReX2hV7BiU=",
      "optional": true
    },
    "esbuild-darwin-arm64": {
      "version": "0.14.11",
      "resolved": "https://artifactory.rsglab.com:443/artifactory/api/npm/npm/esbuild-darwin-arm64/-/esbuild-darwin-arm64-0.14.11.tgz",
      "integrity": "sha1-TTVz5Eivds4z4WIx89n4eFQtb+g=",
      "optional": true
    },
    "esbuild-freebsd-64": {
      "version": "0.14.11",
      "resolved": "https://artifactory.rsglab.com:443/artifactory/api/npm/npm/esbuild-freebsd-64/-/esbuild-freebsd-64-0.14.11.tgz",
      "integrity": "sha1-kpTmqzWeyTWQqwl7DyAX3nx4q00=",
      "optional": true
    },
    "esbuild-freebsd-arm64": {
      "version": "0.14.11",
      "resolved": "https://artifactory.rsglab.com:443/artifactory/api/npm/npm/esbuild-freebsd-arm64/-/esbuild-freebsd-arm64-0.14.11.tgz",
      "integrity": "sha1-rj4LCRczULZs+DIVg8mhwfy4u1U=",
      "optional": true
    },
    "esbuild-linux-32": {
      "version": "0.14.11",
      "resolved": "https://artifactory.rsglab.com:443/artifactory/api/npm/npm/esbuild-linux-32/-/esbuild-linux-32-0.14.11.tgz",
      "integrity": "sha1-3a28cDiqWmsWdbsVA895oMvxIpo=",
      "optional": true
    },
    "esbuild-linux-64": {
      "version": "0.14.11",
      "resolved": "https://artifactory.rsglab.com:443/artifactory/api/npm/npm/esbuild-linux-64/-/esbuild-linux-64-0.14.11.tgz",
      "integrity": "sha1-1pjjzjojHd/uxrXfjFRq6Ig/zYg=",
      "optional": true
    },
    "esbuild-linux-arm": {
      "version": "0.14.11",
      "resolved": "https://artifactory.rsglab.com:443/artifactory/api/npm/npm/esbuild-linux-arm/-/esbuild-linux-arm-0.14.11.tgz",
      "integrity": "sha1-dMvPC4oiyEAby81uvUy/K6yot7Q=",
      "optional": true
    },
    "esbuild-linux-arm64": {
      "version": "0.14.11",
      "resolved": "https://artifactory.rsglab.com:443/artifactory/api/npm/npm/esbuild-linux-arm64/-/esbuild-linux-arm64-0.14.11.tgz",
      "integrity": "sha1-hfrqn6ma01W147KDGXpN/QoRD+c=",
      "optional": true
    },
    "esbuild-linux-mips64le": {
      "version": "0.14.11",
      "resolved": "https://artifactory.rsglab.com:443/artifactory/api/npm/npm/esbuild-linux-mips64le/-/esbuild-linux-mips64le-0.14.11.tgz",
      "integrity": "sha1-SQQpIRoyM/XLvYV1t3WLiX5Cl5o=",
      "optional": true
    },
    "esbuild-linux-ppc64le": {
      "version": "0.14.11",
      "resolved": "https://artifactory.rsglab.com:443/artifactory/api/npm/npm/esbuild-linux-ppc64le/-/esbuild-linux-ppc64le-0.14.11.tgz",
      "integrity": "sha1-/HnWBxAhO1uYNF9bE41IJFYWgno=",
      "optional": true
    },
    "esbuild-linux-s390x": {
      "version": "0.14.11",
      "resolved": "https://artifactory.rsglab.com:443/artifactory/api/npm/npm/esbuild-linux-s390x/-/esbuild-linux-s390x-0.14.11.tgz",
      "integrity": "sha1-ykuTVWu7psyVsGRPLuk8mCFlugc=",
      "optional": true
    },
    "esbuild-netbsd-64": {
      "version": "0.14.11",
      "resolved": "https://artifactory.rsglab.com:443/artifactory/api/npm/npm/esbuild-netbsd-64/-/esbuild-netbsd-64-0.14.11.tgz",
      "integrity": "sha1-7bNAvGZTyIgEysIlPiG3Qlj84WU=",
      "optional": true
    },
    "esbuild-openbsd-64": {
      "version": "0.14.11",
      "resolved": "https://artifactory.rsglab.com:443/artifactory/api/npm/npm/esbuild-openbsd-64/-/esbuild-openbsd-64-0.14.11.tgz",
      "integrity": "sha1-yu/1+Ub3mmDOe8+Ihxykxx00dug=",
      "optional": true
    },
    "esbuild-sunos-64": {
      "version": "0.14.11",
      "resolved": "https://artifactory.rsglab.com:443/artifactory/api/npm/npm/esbuild-sunos-64/-/esbuild-sunos-64-0.14.11.tgz",
      "integrity": "sha1-kM5+F0nClYpTUJtLrnuPfZjydtY=",
      "optional": true
    },
    "esbuild-windows-32": {
      "version": "0.14.11",
      "resolved": "https://artifactory.rsglab.com:443/artifactory/api/npm/npm/esbuild-windows-32/-/esbuild-windows-32-0.14.11.tgz",
      "integrity": "sha1-0Gf0zhWynvumM25qI1lxIPr+Sew=",
      "optional": true
    },
    "esbuild-windows-64": {
      "version": "0.14.11",
      "resolved": "https://artifactory.rsglab.com:443/artifactory/api/npm/npm/esbuild-windows-64/-/esbuild-windows-64-0.14.11.tgz",
      "integrity": "sha1-E+ht03ps1hpSdvotJxNC0PdNqGQ=",
      "optional": true
    },
    "esbuild-windows-arm64": {
      "version": "0.14.11",
      "resolved": "https://artifactory.rsglab.com:443/artifactory/api/npm/npm/esbuild-windows-arm64/-/esbuild-windows-arm64-0.14.11.tgz",
      "integrity": "sha1-6O398dcSCF5tw/uhigwiWqrjK3U=",
      "optional": true
    },
    "escape-html": {
      "version": "1.0.3",
      "resolved": "https://artifactory.rsglab.com:443/artifactory/api/npm/npm/escape-html/-/escape-html-1.0.3.tgz",
      "integrity": "sha1-Aljq5NPQwJdN4cFpGI7wBR0dGYg=",
      "dev": true
    },
    "fresh": {
      "version": "0.5.2",
      "resolved": "https://artifactory.rsglab.com:443/artifactory/api/npm/npm/fresh/-/fresh-0.5.2.tgz",
      "integrity": "sha1-PYyt2Q2XZWn6g1qx+OSyOhBWBac=",
      "dev": true
    },
    "has-symbols": {
      "version": "1.0.2",
      "resolved": "https://artifactory.rsglab.com:443/artifactory/api/npm/npm/has-symbols/-/has-symbols-1.0.2.tgz",
      "integrity": "sha1-Fl0wcMADCXUqEjakeTMeOsVvFCM=",
      "dev": true
    },
    "has-tostringtag": {
      "version": "1.0.0",
      "resolved": "https://artifactory.rsglab.com:443/artifactory/api/npm/npm/has-tostringtag/-/has-tostringtag-1.0.0.tgz",
      "integrity": "sha1-fhM4GKfTlHNPlB5zw9P5KR5liyU=",
      "dev": true,
      "requires": {
        "has-symbols": "^1.0.2"
      }
    },
    "history": {
      "version": "5.2.0",
      "resolved": "https://artifactory.rsglab.com:443/artifactory/api/npm/npm/history/-/history-5.2.0.tgz",
      "integrity": "sha1-fN0xz5usPF0x8JwjHJko+tAAe3w=",
      "requires": {
        "@babel/runtime": "^7.7.6"
      }
    },
    "http-assert": {
      "version": "1.5.0",
      "resolved": "https://artifactory.rsglab.com:443/artifactory/api/npm/npm/http-assert/-/http-assert-1.5.0.tgz",
      "integrity": "sha1-w4nM2HrBbtLfpiRv1zuSaqAOa48=",
      "dev": true,
      "requires": {
        "deep-equal": "~1.0.1",
        "http-errors": "~1.8.0"
      }
    },
    "http-errors": {
      "version": "1.8.1",
      "resolved": "https://artifactory.rsglab.com:443/artifactory/api/npm/npm/http-errors/-/http-errors-1.8.1.tgz",
      "integrity": "sha1-fD8oV3y8iiBziEVdvWIpXtB71ow=",
      "dev": true,
      "requires": {
        "depd": "~1.1.2",
        "inherits": "2.0.4",
        "setprototypeof": "1.2.0",
        "statuses": ">= 1.5.0 < 2",
        "toidentifier": "1.0.1"
      },
      "dependencies": {
        "depd": {
          "version": "1.1.2",
          "resolved": "https://artifactory.rsglab.com:443/artifactory/api/npm/npm/depd/-/depd-1.1.2.tgz",
          "integrity": "sha1-m81S4UwJd2PnSbJ0xDRu0uVgtak=",
          "dev": true
        }
      }
    },
    "inherits": {
      "version": "2.0.4",
      "resolved": "https://artifactory.rsglab.com:443/artifactory/api/npm/npm/inherits/-/inherits-2.0.4.tgz",
      "integrity": "sha1-D6LGT5MpF8NDOg3tVTY6rjdBa3w=",
      "dev": true
    },
    "is-generator-function": {
      "version": "1.0.10",
      "resolved": "https://artifactory.rsglab.com:443/artifactory/api/npm/npm/is-generator-function/-/is-generator-function-1.0.10.tgz",
      "integrity": "sha1-8VWLrxrBfg3up8BBXEODUf8rPHI=",
      "dev": true,
      "requires": {
        "has-tostringtag": "^1.0.0"
      }
    },
    "js-tokens": {
      "version": "4.0.0",
      "resolved": "https://artifactory.rsglab.com:443/artifactory/api/npm/npm/js-tokens/-/js-tokens-4.0.0.tgz",
      "integrity": "sha1-GSA/tZmR35jjoocFDUZHzerzJJk="
    },
    "keygrip": {
      "version": "1.1.0",
      "resolved": "https://artifactory.rsglab.com:443/artifactory/api/npm/npm/keygrip/-/keygrip-1.1.0.tgz",
      "integrity": "sha1-hxsWgdXhWcYqRFsMdLYV4JF+ciY=",
      "dev": true,
      "requires": {
        "tsscmp": "1.0.6"
      }
    },
    "koa": {
      "version": "2.13.4",
      "resolved": "https://artifactory.rsglab.com:443/artifactory/api/npm/npm/koa/-/koa-2.13.4.tgz",
      "integrity": "sha1-7lsMs54LgGnDjRFROcd0gz0yRi4=",
      "dev": true,
      "requires": {
        "accepts": "^1.3.5",
        "cache-content-type": "^1.0.0",
        "content-disposition": "~0.5.2",
        "content-type": "^1.0.4",
        "cookies": "~0.8.0",
        "debug": "^4.3.2",
        "delegates": "^1.0.0",
        "depd": "^2.0.0",
        "destroy": "^1.0.4",
        "encodeurl": "^1.0.2",
        "escape-html": "^1.0.3",
        "fresh": "~0.5.2",
        "http-assert": "^1.3.0",
        "http-errors": "^1.6.3",
        "is-generator-function": "^1.0.7",
        "koa-compose": "^4.1.0",
        "koa-convert": "^2.0.0",
        "on-finished": "^2.3.0",
        "only": "~0.0.2",
        "parseurl": "^1.3.2",
        "statuses": "^1.5.0",
        "type-is": "^1.6.16",
        "vary": "^1.1.2"
      }
    },
    "koa-compose": {
      "version": "4.1.0",
      "resolved": "https://artifactory.rsglab.com:443/artifactory/api/npm/npm/koa-compose/-/koa-compose-4.1.0.tgz",
      "integrity": "sha1-UHMGuTcZAdtBEhyBLpI9DWfT6Hc=",
      "dev": true
    },
    "koa-convert": {
      "version": "2.0.0",
      "resolved": "https://artifactory.rsglab.com:443/artifactory/api/npm/npm/koa-convert/-/koa-convert-2.0.0.tgz",
      "integrity": "sha1-hqDETYHUBVG64i/uZwmQRXPupPU=",
      "dev": true,
      "requires": {
        "co": "^4.6.0",
        "koa-compose": "^4.1.0"
      }
    },
    "loose-envify": {
      "version": "1.4.0",
      "resolved": "https://artifactory.rsglab.com:443/artifactory/api/npm/npm/loose-envify/-/loose-envify-1.4.0.tgz",
      "integrity": "sha1-ce5R+nvkyuwaY4OffmgtgTLTDK8=",
      "requires": {
        "js-tokens": "^3.0.0 || ^4.0.0"
      }
    },
    "media-typer": {
      "version": "0.3.0",
      "resolved": "https://artifactory.rsglab.com:443/artifactory/api/npm/npm/media-typer/-/media-typer-0.3.0.tgz",
      "integrity": "sha1-hxDXrwqmJvj/+hzgAWhUUmMlV0g=",
      "dev": true
    },
    "mime-db": {
      "version": "1.51.0",
      "resolved": "https://artifactory.rsglab.com:443/artifactory/api/npm/npm/mime-db/-/mime-db-1.51.0.tgz",
      "integrity": "sha1-2f9iRRhZsYNC2WCFDcPPt35j+ww=",
      "dev": true
    },
    "mime-types": {
      "version": "2.1.34",
      "resolved": "https://artifactory.rsglab.com:443/artifactory/api/npm/npm/mime-types/-/mime-types-2.1.34.tgz",
      "integrity": "sha1-WnEvnsFQNRGpRYA2QPr+CdN5PCQ=",
      "dev": true,
      "requires": {
        "mime-db": "1.51.0"
      }
    },
    "ms": {
      "version": "2.1.2",
      "resolved": "https://artifactory.rsglab.com:443/artifactory/api/npm/npm/ms/-/ms-2.1.2.tgz",
      "integrity": "sha1-0J0fNXtEP0kzgqjrPM0YOHKuYAk=",
      "dev": true
    },
    "negotiator": {
      "version": "0.6.2",
      "resolved": "https://artifactory.rsglab.com:443/artifactory/api/npm/npm/negotiator/-/negotiator-0.6.2.tgz",
      "integrity": "sha1-/qz3zPUlp3rpY0Q2pkiD/+yjRvs=",
      "dev": true
    },
    "object-assign": {
      "version": "4.1.1",
      "resolved": "https://artifactory.rsglab.com:443/artifactory/api/npm/npm/object-assign/-/object-assign-4.1.1.tgz",
      "integrity": "sha1-IQmtx5ZYh8/AXLvUQsrIv7s2CGM="
    },
    "on-finished": {
      "version": "2.3.0",
      "resolved": "https://artifactory.rsglab.com:443/artifactory/api/npm/npm/on-finished/-/on-finished-2.3.0.tgz",
      "integrity": "sha1-IPEzZIGwg811M3mSoWlxqi2QaUc=",
      "dev": true,
      "requires": {
        "ee-first": "1.1.1"
      }
    },
    "only": {
      "version": "0.0.2",
      "resolved": "https://artifactory.rsglab.com:443/artifactory/api/npm/npm/only/-/only-0.0.2.tgz",
      "integrity": "sha1-Kv3oTQPlC5qO3EROMGEKcCle37Q=",
      "dev": true
    },
    "parseurl": {
      "version": "1.3.3",
      "resolved": "https://artifactory.rsglab.com:443/artifactory/api/npm/npm/parseurl/-/parseurl-1.3.3.tgz",
      "integrity": "sha1-naGee+6NEt/wUT7Vt2lXeTvC6NQ=",
      "dev": true
    },
    "react": {
      "version": "17.0.2",
      "resolved": "https://artifactory.rsglab.com:443/artifactory/api/npm/npm/react/-/react-17.0.2.tgz",
      "integrity": "sha1-0LXMUW0p6z7uOD91tihkz7aAADc=",
      "requires": {
        "loose-envify": "^1.1.0",
        "object-assign": "^4.1.1"
      }
    },
    "react-dom": {
      "version": "17.0.2",
      "resolved": "https://artifactory.rsglab.com:443/artifactory/api/npm/npm/react-dom/-/react-dom-17.0.2.tgz",
      "integrity": "sha1-7P+2hF462Nv83EmPDQqTlzZQLCM=",
      "requires": {
        "loose-envify": "^1.1.0",
        "object-assign": "^4.1.1",
        "scheduler": "^0.20.2"
      }
    },
    "react-icons": {
      "version": "4.3.1",
      "resolved": "https://artifactory.rsglab.com:443/artifactory/api/npm/npm/react-icons/-/react-icons-4.3.1.tgz",
      "integrity": "sha1-L6kq67vHH0PS2y7RrtBzYRJOkco="
    },
    "react-router": {
      "version": "6.2.1",
      "resolved": "https://artifactory.rsglab.com:443/artifactory/api/npm/npm/react-router/-/react-router-6.2.1.tgz",
      "integrity": "sha1-viqXpgBs4dkSPCiTTmBPrvUUSKM=",
      "requires": {
        "history": "^5.2.0"
      }
    },
    "react-router-dom": {
      "version": "6.2.1",
      "resolved": "https://artifactory.rsglab.com:443/artifactory/api/npm/npm/react-router-dom/-/react-router-dom-6.2.1.tgz",
      "integrity": "sha1-MuyBgpFS+7insEW/WToi6t8Bm+w=",
      "requires": {
        "history": "^5.2.0",
        "react-router": "6.2.1"
      }
    },
    "regenerator-runtime": {
      "version": "0.13.9",
      "resolved": "https://artifactory.rsglab.com:443/artifactory/api/npm/npm/regenerator-runtime/-/regenerator-runtime-0.13.9.tgz",
      "integrity": "sha1-iSV0Kpj/2QgUmI11Zq0wyjsmO1I="
    },
    "safe-buffer": {
      "version": "5.2.1",
      "resolved": "https://artifactory.rsglab.com:443/artifactory/api/npm/npm/safe-buffer/-/safe-buffer-5.2.1.tgz",
      "integrity": "sha1-Hq+fqb2x/dTsdfWPnNtOa3gn7sY=",
      "dev": true
    },
    "scheduler": {
      "version": "0.20.2",
      "resolved": "https://artifactory.rsglab.com:443/artifactory/api/npm/npm/scheduler/-/scheduler-0.20.2.tgz",
      "integrity": "sha1-S67jlDbjSqk7SHS93L8P6Li1DpE=",
      "requires": {
        "loose-envify": "^1.1.0",
        "object-assign": "^4.1.1"
      }
    },
    "setprototypeof": {
      "version": "1.2.0",
      "resolved": "https://artifactory.rsglab.com:443/artifactory/api/npm/npm/setprototypeof/-/setprototypeof-1.2.0.tgz",
      "integrity": "sha1-ZsmiSnP5/CjL5msJ/tPTPcrxtCQ=",
      "dev": true
    },
    "statuses": {
      "version": "1.5.0",
      "resolved": "https://artifactory.rsglab.com:443/artifactory/api/npm/npm/statuses/-/statuses-1.5.0.tgz",
      "integrity": "sha1-Fhx9rBd2Wf2YEfQ3cfqZOBR4Yow=",
      "dev": true
    },
    "toidentifier": {
      "version": "1.0.1",
      "resolved": "https://artifactory.rsglab.com:443/artifactory/api/npm/npm/toidentifier/-/toidentifier-1.0.1.tgz",
      "integrity": "sha1-O+NDIaiKgg7RvYDfqjPkefu43TU=",
      "dev": true
    },
    "tsscmp": {
      "version": "1.0.6",
      "resolved": "https://artifactory.rsglab.com:443/artifactory/api/npm/npm/tsscmp/-/tsscmp-1.0.6.tgz",
      "integrity": "sha1-hbmVg6w1iexL/vgltQAKqRHWBes=",
      "dev": true
    },
    "type-is": {
      "version": "1.6.18",
      "resolved": "https://artifactory.rsglab.com:443/artifactory/api/npm/npm/type-is/-/type-is-1.6.18.tgz",
      "integrity": "sha1-TlUs0F3wlGfcvE73Od6J8s83wTE=",
      "dev": true,
      "requires": {
        "media-typer": "0.3.0",
        "mime-types": "~2.1.24"
      }
    },
    "vary": {
      "version": "1.1.2",
      "resolved": "https://artifactory.rsglab.com:443/artifactory/api/npm/npm/vary/-/vary-1.1.2.tgz",
      "integrity": "sha1-IpnwLG3tMNSllhsLn3RSShj2NPw=",
      "dev": true
    },
    "ylru": {
      "version": "1.2.1",
      "resolved": "https://artifactory.rsglab.com:443/artifactory/api/npm/npm/ylru/-/ylru-1.2.1.tgz",
      "integrity": "sha1-9Xa2M0FUeYnB3nuiiHYJI7J/6E8=",
      "dev": true
    }
  }
}
